{
  "name": "discipl-core",
  "version": "0.2.1",
  "lockfileVersion": 1,
  "requires": true,
  "dependencies": {
    "async": {
      "version": "2.6.0",
      "resolved": "https://registry.npmjs.org/async/-/async-2.6.0.tgz",
      "integrity": "sha512-xAfGg1/NTLBBKlHFmnd7PlmUW9KhVQIUuSrYem9xzFUZy13ScvtyGGejaae9iAVRiRq9+Cx7DPFaAAhCpyxyPw==",
      "requires": {
        "lodash": "4.17.4"
      }
    },
    "babel-polyfill": {
      "version": "6.26.0",
      "resolved": "https://registry.npmjs.org/babel-polyfill/-/babel-polyfill-6.26.0.tgz",
      "integrity": "sha1-N5k3q8Z9eJWXCtxiHyhM2WbPIVM=",
      "requires": {
        "babel-runtime": "6.26.0",
        "core-js": "2.5.1",
        "regenerator-runtime": "0.10.5"
      }
    },
    "babel-runtime": {
      "version": "6.26.0",
      "resolved": "https://registry.npmjs.org/babel-runtime/-/babel-runtime-6.26.0.tgz",
      "integrity": "sha1-llxwWGaOgrVde/4E/yM3vItWR/4=",
      "requires": {
        "core-js": "2.5.1",
        "regenerator-runtime": "0.11.0"
      },
      "dependencies": {
        "regenerator-runtime": {
          "version": "0.11.0",
          "resolved": "https://registry.npmjs.org/regenerator-runtime/-/regenerator-runtime-0.11.0.tgz",
          "integrity": "sha512-/aA0kLeRb5N9K0d4fw7ooEbI+xDe+DKD499EQqygGqeS8N3xto15p09uY2xj7ixP81sNPXvRLnAQIqdVStgb1A=="
        }
      }
    },
    "big.js": {
      "version": "3.2.0",
      "resolved": "https://registry.npmjs.org/big.js/-/big.js-3.2.0.tgz",
      "integrity": "sha512-+hN/Zh2D08Mx65pZ/4g5bsmNiZUuChDiQfTUQ7qJr4/kuopCr88xZsAXv6mBoZEsUI4OuGHlX59qE94K2mMW8Q=="
    },
    "bignumber.js": {
      "version": "4.1.0",
      "resolved": "https://registry.npmjs.org/bignumber.js/-/bignumber.js-4.1.0.tgz",
      "integrity": "sha512-eJzYkFYy9L4JzXsbymsFn3p54D+llV27oTQ+ziJG7WFRheJcNZilgVXMG0LoZtlQSKBsJdWtLFqOD0u+U0jZKA=="
    },
    "core-js": {
      "version": "2.5.1",
      "resolved": "https://registry.npmjs.org/core-js/-/core-js-2.5.1.tgz",
      "integrity": "sha1-rmh03GaTd4m4B1T/VCjfZoGcpQs="
    },
    "crypto-js": {
      "version": "3.1.9-1",
      "resolved": "https://registry.npmjs.org/crypto-js/-/crypto-js-3.1.9-1.tgz",
      "integrity": "sha1-/aGedh/Ad+Af+/3G6f38WeiAbNg="
    },
    "emojis-list": {
      "version": "2.1.0",
      "resolved": "https://registry.npmjs.org/emojis-list/-/emojis-list-2.1.0.tgz",
      "integrity": "sha1-TapNnbAPmBmIDHn6RXrlsJof04k="
    },
    "iota.crypto.js": {
      "version": "github:iotaledger/iota.crypto.js#d05e4af144fbd5617c67afa0433227389297645b",
      "requires": {
        "crypto-js": "3.1.9-1"
      }
    },
    "iota.lib.js": {
      "version": "0.4.3",
      "resolved": "https://registry.npmjs.org/iota.lib.js/-/iota.lib.js-0.4.3.tgz",
      "integrity": "sha512-yev1WRCvggQFa8HdfRFHtwnle+mtU14D9DiV6HQh04Q+AzGxBmTjIrtXpPGDlicFv4wX3dd3jr4w7rlGFUOerg==",
      "requires": {
        "async": "2.6.0",
        "bignumber.js": "4.1.0",
        "crypto-js": "3.1.9-1",
        "xmlhttprequest": "1.8.0"
      }
    },
    "json5": {
      "version": "0.5.1",
      "resolved": "https://registry.npmjs.org/json5/-/json5-0.5.1.tgz",
      "integrity": "sha1-Hq3nrMASA0rYTiOWdn6tn6VJWCE="
    },
    "loader-utils": {
      "version": "1.1.0",
      "resolved": "https://registry.npmjs.org/loader-utils/-/loader-utils-1.1.0.tgz",
      "integrity": "sha1-yYrvSIvM7aL/teLeZG1qdUQp9c0=",
      "requires": {
        "big.js": "3.2.0",
        "emojis-list": "2.1.0",
        "json5": "0.5.1"
      }
    },
    "lodash": {
      "version": "4.17.4",
      "resolved": "https://registry.npmjs.org/lodash/-/lodash-4.17.4.tgz",
      "integrity": "sha1-eCA6TRwyiuHYbcpkYONptX9AVa4="
    },
    "mam.client.js": {
      "version": "git+https://github.com/l3wi/mam.client.js.git#5ef24533eec430562986ec223ae618c2b8ac45d8",
      "requires": {
        "babel-polyfill": "6.26.0",
        "iota.crypto.js": "github:iotaledger/iota.crypto.js#d05e4af144fbd5617c67afa0433227389297645b",
        "iota.lib.js": "0.4.3",
        "pify": "3.0.0",
        "rust-wasm-loader": "0.1.2"
      }
    },
    "pify": {
      "version": "3.0.0",
      "resolved": "https://registry.npmjs.org/pify/-/pify-3.0.0.tgz",
      "integrity": "sha1-5aSs0sEB/fPZpNB/DbxNtJ3SgXY="
    },
    "regenerator-runtime": {
      "version": "0.10.5",
      "resolved": "https://registry.npmjs.org/regenerator-runtime/-/regenerator-runtime-0.10.5.tgz",
      "integrity": "sha1-M2w+/BIgrc7dosn6tntaeVWjNlg="
    },
    "rust-wasm-loader": {
      "version": "0.1.2",
      "resolved": "https://registry.npmjs.org/rust-wasm-loader/-/rust-wasm-loader-0.1.2.tgz",
      "integrity": "sha512-Uzo+6ydXI6QYvSLthCE06+L+LskKpJNFPNNJJYp/zgATdw5e5nFk/inKrEKARJ3Xunv0CwbJwqXG+Zqb6WbRnw==",
      "requires": {
        "loader-utils": "1.1.0",
        "toml": "2.3.3"
      }
    },
    "toml": {
      "version": "2.3.3",
      "resolved": "https://registry.npmjs.org/toml/-/toml-2.3.3.tgz",
      "integrity": "sha512-O7L5hhSQHxuufWUdcTRPfuTh3phKfAZ/dqfxZFoxPCj2RYmpaSGLEIs016FCXItQwNr08yefUB5TSjzRYnajTA=="
    },
    "xmlhttprequest": {
      "version": "1.8.0",
      "resolved": "https://registry.npmjs.org/xmlhttprequest/-/xmlhttprequest-1.8.0.tgz",
      "integrity": "sha1-Z/4HXFwk/vOfnWX197f+dRcZaPw="
    }
  }
}
